// !$*UTF8*$!
{
	archiveVersion = 1;
	classes = {
	};
	objectVersion = 56;
	objects = {

/* Begin PBXBuildFile section */
		07D4A5292A8B5C98007544A3 /* CurrencyCalcApp.swift in Sources */ = {isa = PBXBuildFile; fileRef = 07D4A5282A8B5C98007544A3 /* CurrencyCalcApp.swift */; };
		07D4A52B2A8B5C98007544A3 /* ContentView.swift in Sources */ = {isa = PBXBuildFile; fileRef = 07D4A52A2A8B5C98007544A3 /* ContentView.swift */; };
		07D4A52D2A8B5C99007544A3 /* Assets.xcassets in Resources */ = {isa = PBXBuildFile; fileRef = 07D4A52C2A8B5C99007544A3 /* Assets.xcassets */; };
		07D4A5302A8B5C99007544A3 /* Preview Assets.xcassets in Resources */ = {isa = PBXBuildFile; fileRef = 07D4A52F2A8B5C99007544A3 /* Preview Assets.xcassets */; };
		07D4A53A2A8B5C9A007544A3 /* CurrencyCalcTests.swift in Sources */ = {isa = PBXBuildFile; fileRef = 07D4A5392A8B5C9A007544A3 /* CurrencyCalcTests.swift */; };
		07D4A5442A8B5C9A007544A3 /* CurrencyCalcUITests.swift in Sources */ = {isa = PBXBuildFile; fileRef = 07D4A5432A8B5C9A007544A3 /* CurrencyCalcUITests.swift */; };
		07D4A5462A8B5C9A007544A3 /* CurrencyCalcUITestsLaunchTests.swift in Sources */ = {isa = PBXBuildFile; fileRef = 07D4A5452A8B5C9A007544A3 /* CurrencyCalcUITestsLaunchTests.swift */; };
/* End PBXBuildFile section */

/* Begin PBXContainerItemProxy section */
		07D4A5362A8B5C9A007544A3 /* PBXContainerItemProxy */ = {
			isa = PBXContainerItemProxy;
			containerPortal = 07D4A51D2A8B5C98007544A3 /* Project object */;
			proxyType = 1;
			remoteGlobalIDString = 07D4A5242A8B5C98007544A3;
			remoteInfo = CurrencyCalc;
		};
		07D4A5402A8B5C9A007544A3 /* PBXContainerItemProxy */ = {
			isa = PBXContainerItemProxy;
			containerPortal = 07D4A51D2A8B5C98007544A3 /* Project object */;
			proxyType = 1;
			remoteGlobalIDString = 07D4A5242A8B5C98007544A3;
			remoteInfo = CurrencyCalc;
		};
/* End PBXContainerItemProxy section */

/* Begin PBXFileReference section */
		07D4A5252A8B5C98007544A3 /* CurrencyCalc.app */ = {isa = PBXFileReference; explicitFileType = wrapper.application; includeInIndex = 0; path = CurrencyCalc.app; sourceTree = BUILT_PRODUCTS_DIR; };
		07D4A5282A8B5C98007544A3 /* CurrencyCalcApp.swift */ = {isa = PBXFileReference; lastKnownFileType = sourcecode.swift; path = CurrencyCalcApp.swift; sourceTree = "<group>"; };
		07D4A52A2A8B5C98007544A3 /* ContentView.swift */ = {isa = PBXFileReference; lastKnownFileType = sourcecode.swift; path = ContentView.swift; sourceTree = "<group>"; };
		07D4A52C2A8B5C99007544A3 /* Assets.xcassets */ = {isa = PBXFileReference; lastKnownFileType = folder.assetcatalog; path = Assets.xcassets; sourceTree = "<group>"; };
		07D4A52F2A8B5C99007544A3 /* Preview Assets.xcassets */ = {isa = PBXFileReference; lastKnownFileType = folder.assetcatalog; path = "Preview Assets.xcassets"; sourceTree = "<group>"; };
		07D4A5352A8B5C9A007544A3 /* CurrencyCalcTests.xctest */ = {isa = PBXFileReference; explicitFileType = wrapper.cfbundle; includeInIndex = 0; path = CurrencyCalcTests.xctest; sourceTree = BUILT_PRODUCTS_DIR; };
		07D4A5392A8B5C9A007544A3 /* CurrencyCalcTests.swift */ = {isa = PBXFileReference; lastKnownFileType = sourcecode.swift; path = CurrencyCalcTests.swift; sourceTree = "<group>"; };
		07D4A53F2A8B5C9A007544A3 /* CurrencyCalcUITests.xctest */ = {isa = PBXFileReference; explicitFileType = wrapper.cfbundle; includeInIndex = 0; path = CurrencyCalcUITests.xctest; sourceTree = BUILT_PRODUCTS_DIR; };
		07D4A5432A8B5C9A007544A3 /* CurrencyCalcUITests.swift */ = {isa = PBXFileReference; lastKnownFileType = sourcecode.swift; path = CurrencyCalcUITests.swift; sourceTree = "<group>"; };
		07D4A5452A8B5C9A007544A3 /* CurrencyCalcUITestsLaunchTests.swift */ = {isa = PBXFileReference; lastKnownFileType = sourcecode.swift; path = CurrencyCalcUITestsLaunchTests.swift; sourceTree = "<group>"; };
/* End PBXFileReference section */

/* Begin PBXFrameworksBuildPhase section */
		07D4A5222A8B5C98007544A3 /* Frameworks */ = {
			isa = PBXFrameworksBuildPhase;
			buildActionMask = 2147483647;
			files = (
			);
			runOnlyForDeploymentPostprocessing = 0;
		};
		07D4A5322A8B5C9A007544A3 /* Frameworks */ = {
			isa = PBXFrameworksBuildPhase;
			buildActionMask = 2147483647;
			files = (
			);
			runOnlyForDeploymentPostprocessing = 0;
		};
		07D4A53C2A8B5C9A007544A3 /* Frameworks */ = {
			isa = PBXFrameworksBuildPhase;
			buildActionMask = 2147483647;
			files = (
			);
			runOnlyForDeploymentPostprocessing = 0;
		};
/* End PBXFrameworksBuildPhase section */

/* Begin PBXGroup section */
		07D4A51C2A8B5C98007544A3 = {
			isa = PBXGroup;
			children = (
				07D4A5272A8B5C98007544A3 /* CurrencyCalc */,
				07D4A5382A8B5C9A007544A3 /* CurrencyCalcTests */,
				07D4A5422A8B5C9A007544A3 /* CurrencyCalcUITests */,
				07D4A5262A8B5C98007544A3 /* Products */,
			);
			sourceTree = "<group>";
		};
		07D4A5262A8B5C98007544A3 /* Products */ = {
			isa = PBXGroup;
			children = (
				07D4A5252A8B5C98007544A3 /* CurrencyCalc.app */,
				07D4A5352A8B5C9A007544A3 /* CurrencyCalcTests.xctest */,
				07D4A53F2A8B5C9A007544A3 /* CurrencyCalcUITests.xctest */,
			);
			name = Products;
			sourceTree = "<group>";
		};
		07D4A5272A8B5C98007544A3 /* CurrencyCalc */ = {
			isa = PBXGroup;
			children = (
				07D4A5282A8B5C98007544A3 /* CurrencyCalcApp.swift */,
				07D4A52A2A8B5C98007544A3 /* ContentView.swift */,
				07D4A52C2A8B5C99007544A3 /* Assets.xcassets */,
				07D4A52E2A8B5C99007544A3 /* Preview Content */,
			);
			path = CurrencyCalc;
			sourceTree = "<group>";
		};
		07D4A52E2A8B5C99007544A3 /* Preview Content */ = {
			isa = PBXGroup;
			children = (
				07D4A52F2A8B5C99007544A3 /* Preview Assets.xcassets */,
			);
			path = "Preview Content";
			sourceTree = "<group>";
		};
		07D4A5382A8B5C9A007544A3 /* CurrencyCalcTests */ = {
			isa = PBXGroup;
			children = (
				07D4A5392A8B5C9A007544A3 /* CurrencyCalcTests.swift */,
			);
			path = CurrencyCalcTests;
			sourceTree = "<group>";
		};
		07D4A5422A8B5C9A007544A3 /* CurrencyCalcUITests */ = {
			isa = PBXGroup;
			children = (
				07D4A5432A8B5C9A007544A3 /* CurrencyCalcUITests.swift */,
				07D4A5452A8B5C9A007544A3 /* CurrencyCalcUITestsLaunchTests.swift */,
			);
			path = CurrencyCalcUITests;
			sourceTree = "<group>";
		};
/* End PBXGroup section */

/* Begin PBXNativeTarget section */
		07D4A5242A8B5C98007544A3 /* CurrencyCalc */ = {
			isa = PBXNativeTarget;
			buildConfigurationList = 07D4A5492A8B5C9A007544A3 /* Build configuration list for PBXNativeTarget "CurrencyCalc" */;
			buildPhases = (
				07D4A5212A8B5C98007544A3 /* Sources */,
				07D4A5222A8B5C98007544A3 /* Frameworks */,
				07D4A5232A8B5C98007544A3 /* Resources */,
			);
			buildRules = (
			);
			dependencies = (
			);
			name = CurrencyCalc;
			productName = CurrencyCalc;
			productReference = 07D4A5252A8B5C98007544A3 /* CurrencyCalc.app */;
			productType = "com.apple.product-type.application";
		};
		07D4A5342A8B5C9A007544A3 /* CurrencyCalcTests */ = {
			isa = PBXNativeTarget;
			buildConfigurationList = 07D4A54C2A8B5C9A007544A3 /* Build configuration list for PBXNativeTarget "CurrencyCalcTests" */;
			buildPhases = (
				07D4A5312A8B5C9A007544A3 /* Sources */,
				07D4A5322A8B5C9A007544A3 /* Frameworks */,
				07D4A5332A8B5C9A007544A3 /* Resources */,
			);
			buildRules = (
			);
			dependencies = (
				07D4A5372A8B5C9A007544A3 /* PBXTargetDependency */,
			);
			name = CurrencyCalcTests;
			productName = CurrencyCalcTests;
			productReference = 07D4A5352A8B5C9A007544A3 /* CurrencyCalcTests.xctest */;
			productType = "com.apple.product-type.bundle.unit-test";
		};
		07D4A53E2A8B5C9A007544A3 /* CurrencyCalcUITests */ = {
			isa = PBXNativeTarget;
			buildConfigurationList = 07D4A54F2A8B5C9A007544A3 /* Build configuration list for PBXNativeTarget "CurrencyCalcUITests" */;
			buildPhases = (
				07D4A53B2A8B5C9A007544A3 /* Sources */,
				07D4A53C2A8B5C9A007544A3 /* Frameworks */,
				07D4A53D2A8B5C9A007544A3 /* Resources */,
			);
			buildRules = (
			);
			dependencies = (
				07D4A5412A8B5C9A007544A3 /* PBXTargetDependency */,
			);
			name = CurrencyCalcUITests;
			productName = CurrencyCalcUITests;
			productReference = 07D4A53F2A8B5C9A007544A3 /* CurrencyCalcUITests.xctest */;
			productType = "com.apple.product-type.bundle.ui-testing";
		};
/* End PBXNativeTarget section */

/* Begin PBXProject section */
		07D4A51D2A8B5C98007544A3 /* Project object */ = {
			isa = PBXProject;
			attributes = {
				BuildIndependentTargetsInParallel = 1;
				LastSwiftUpdateCheck = 1430;
				LastUpgradeCheck = 1430;
				TargetAttributes = {
					07D4A5242A8B5C98007544A3 = {
						CreatedOnToolsVersion = 14.3.1;
					};
					07D4A5342A8B5C9A007544A3 = {
						CreatedOnToolsVersion = 14.3.1;
						TestTargetID = 07D4A5242A8B5C98007544A3;
					};
					07D4A53E2A8B5C9A007544A3 = {
						CreatedOnToolsVersion = 14.3.1;
						TestTargetID = 07D4A5242A8B5C98007544A3;
					};
				};
			};
			buildConfigurationList = 07D4A5202A8B5C98007544A3 /* Build configuration list for PBXProject "CurrencyCalc" */;
			compatibilityVersion = "Xcode 14.0";
			developmentRegion = en;
			hasScannedForEncodings = 0;
			knownRegions = (
				en,
				Base,
			);
			mainGroup = 07D4A51C2A8B5C98007544A3;
			productRefGroup = 07D4A5262A8B5C98007544A3 /* Products */;
			projectDirPath = "";
			projectRoot = "";
			targets = (
				07D4A5242A8B5C98007544A3 /* CurrencyCalc */,
				07D4A5342A8B5C9A007544A3 /* CurrencyCalcTests */,
				07D4A53E2A8B5C9A007544A3 /* CurrencyCalcUITests */,
			);
		};
/* End PBXProject section */

/* Begin PBXResourcesBuildPhase section */
		07D4A5232A8B5C98007544A3 /* Resources */ = {
			isa = PBXResourcesBuildPhase;
			buildActionMask = 2147483647;
			files = (
				07D4A5302A8B5C99007544A3 /* Preview Assets.xcassets in Resources */,
				07D4A52D2A8B5C99007544A3 /* Assets.xcassets in Resources */,
			);
			runOnlyForDeploymentPostprocessing = 0;
		};
		07D4A5332A8B5C9A007544A3 /* Resources */ = {
			isa = PBXResourcesBuildPhase;
			buildActionMask = 2147483647;
			files = (
			);
			runOnlyForDeploymentPostprocessing = 0;
		};
		07D4A53D2A8B5C9A007544A3 /* Resources */ = {
			isa = PBXResourcesBuildPhase;
			buildActionMask = 2147483647;
			files = (
			);
			runOnlyForDeploymentPostprocessing = 0;
		};
/* End PBXResourcesBuildPhase section */

/* Begin PBXSourcesBuildPhase section */
		07D4A5212A8B5C98007544A3 /* Sources */ = {
			isa = PBXSourcesBuildPhase;
			buildActionMask = 2147483647;
			files = (
				07D4A52B2A8B5C98007544A3 /* ContentView.swift in Sources */,
				07D4A5292A8B5C98007544A3 /* CurrencyCalcApp.swift in Sources */,
			);
			runOnlyForDeploymentPostprocessing = 0;
		};
		07D4A5312A8B5C9A007544A3 /* Sources */ = {
			isa = PBXSourcesBuildPhase;
			buildActionMask = 2147483647;
			files = (
				07D4A53A2A8B5C9A007544A3 /* CurrencyCalcTests.swift in Sources */,
			);
			runOnlyForDeploymentPostprocessing = 0;
		};
		07D4A53B2A8B5C9A007544A3 /* Sources */ = {
			isa = PBXSourcesBuildPhase;
			buildActionMask = 2147483647;
			files = (
				07D4A5462A8B5C9A007544A3 /* CurrencyCalcUITestsLaunchTests.swift in Sources */,
				07D4A5442A8B5C9A007544A3 /* CurrencyCalcUITests.swift in Sources */,
			);
			runOnlyForDeploymentPostprocessing = 0;
		};
/* End PBXSourcesBuildPhase section */

/* Begin PBXTargetDependency section */
		07D4A5372A8B5C9A007544A3 /* PBXTargetDependency */ = {
			isa = PBXTargetDependency;
			target = 07D4A5242A8B5C98007544A3 /* CurrencyCalc */;
			targetProxy = 07D4A5362A8B5C9A007544A3 /* PBXContainerItemProxy */;
		};
		07D4A5412A8B5C9A007544A3 /* PBXTargetDependency */ = {
			isa = PBXTargetDependency;
			target = 07D4A5242A8B5C98007544A3 /* CurrencyCalc */;
			targetProxy = 07D4A5402A8B5C9A007544A3 /* PBXContainerItemProxy */;
		};
/* End PBXTargetDependency section */

/* Begin XCBuildConfiguration section */
		07D4A5472A8B5C9A007544A3 /* Debug */ = {
			isa = XCBuildConfiguration;
			buildSettings = {
				ALWAYS_SEARCH_USER_PATHS = NO;
				CLANG_ANALYZER_NONNULL = YES;
				CLANG_ANALYZER_NUMBER_OBJECT_CONVERSION = YES_AGGRESSIVE;
				CLANG_CXX_LANGUAGE_STANDARD = "gnu++20";
				CLANG_ENABLE_MODULES = YES;
				CLANG_ENABLE_OBJC_ARC = YES;
				CLANG_ENABLE_OBJC_WEAK = YES;
				CLANG_WARN_BLOCK_CAPTURE_AUTORELEASING = YES;
				CLANG_WARN_BOOL_CONVERSION = YES;
				CLANG_WARN_COMMA = YES;
				CLANG_WARN_CONSTANT_CONVERSION = YES;
				CLANG_WARN_DEPRECATED_OBJC_IMPLEMENTATIONS = YES;
				CLANG_WARN_DIRECT_OBJC_ISA_USAGE = YES_ERROR;
				CLANG_WARN_DOCUMENTATION_COMMENTS = YES;
				CLANG_WARN_EMPTY_BODY = YES;
				CLANG_WARN_ENUM_CONVERSION = YES;
				CLANG_WARN_INFINITE_RECURSION = YES;
				CLANG_WARN_INT_CONVERSION = YES;
				CLANG_WARN_NON_LITERAL_NULL_CONVERSION = YES;
				CLANG_WARN_OBJC_IMPLICIT_RETAIN_SELF = YES;
				CLANG_WARN_OBJC_LITERAL_CONVERSION = YES;
				CLANG_WARN_OBJC_ROOT_CLASS = YES_ERROR;
				CLANG_WARN_QUOTED_INCLUDE_IN_FRAMEWORK_HEADER = YES;
				CLANG_WARN_RANGE_LOOP_ANALYSIS = YES;
				CLANG_WARN_STRICT_PROTOTYPES = YES;
				CLANG_WARN_SUSPICIOUS_MOVE = YES;
				CLANG_WARN_UNGUARDED_AVAILABILITY = YES_AGGRESSIVE;
				CLANG_WARN_UNREACHABLE_CODE = YES;
				CLANG_WARN__DUPLICATE_METHOD_MATCH = YES;
				COPY_PHASE_STRIP = NO;
				DEBUG_INFORMATION_FORMAT = dwarf;
				ENABLE_STRICT_OBJC_MSGSEND = YES;
				ENABLE_TESTABILITY = YES;
				GCC_C_LANGUAGE_STANDARD = gnu11;
				GCC_DYNAMIC_NO_PIC = NO;
				GCC_NO_COMMON_BLOCKS = YES;
				GCC_OPTIMIZATION_LEVEL = 0;
				GCC_PREPROCESSOR_DEFINITIONS = (
					"DEBUG=1",
					"$(inherited)",
				);
				GCC_WARN_64_TO_32_BIT_CONVERSION = YES;
				GCC_WARN_ABOUT_RETURN_TYPE = YES_ERROR;
				GCC_WARN_UNDECLARED_SELECTOR = YES;
				GCC_WARN_UNINITIALIZED_AUTOS = YES_AGGRESSIVE;
				GCC_WARN_UNUSED_FUNCTION = YES;
				GCC_WARN_UNUSED_VARIABLE = YES;
				IPHONEOS_DEPLOYMENT_TARGET = 16.4;
				MTL_ENABLE_DEBUG_INFO = INCLUDE_SOURCE;
				MTL_FAST_MATH = YES;
				ONLY_ACTIVE_ARCH = YES;
				SDKROOT = iphoneos;
				SWIFT_ACTIVE_COMPILATION_CONDITIONS = DEBUG;
				SWIFT_OPTIMIZATION_LEVEL = "-Onone";
			};
			name = Debug;
		};
		07D4A5482A8B5C9A007544A3 /* Release */ = {
			isa = XCBuildConfiguration;
			buildSettings = {
				ALWAYS_SEARCH_USER_PATHS = NO;
				CLANG_ANALYZER_NONNULL = YES;
				CLANG_ANALYZER_NUMBER_OBJECT_CONVERSION = YES_AGGRESSIVE;
				CLANG_CXX_LANGUAGE_STANDARD = "gnu++20";
				CLANG_ENABLE_MODULES = YES;
				CLANG_ENABLE_OBJC_ARC = YES;
				CLANG_ENABLE_OBJC_WEAK = YES;
				CLANG_WARN_BLOCK_CAPTURE_AUTORELEASING = YES;
				CLANG_WARN_BOOL_CONVERSION = YES;
				CLANG_WARN_COMMA = YES;
				CLANG_WARN_CONSTANT_CONVERSION = YES;
				CLANG_WARN_DEPRECATED_OBJC_IMPLEMENTATIONS = YES;
				CLANG_WARN_DIRECT_OBJC_ISA_USAGE = YES_ERROR;
				CLANG_WARN_DOCUMENTATION_COMMENTS = YES;
				CLANG_WARN_EMPTY_BODY = YES;
				CLANG_WARN_ENUM_CONVERSION = YES;
				CLANG_WARN_INFINITE_RECURSION = YES;
				CLANG_WARN_INT_CONVERSION = YES;
				CLANG_WARN_NON_LITERAL_NULL_CONVERSION = YES;
				CLANG_WARN_OBJC_IMPLICIT_RETAIN_SELF = YES;
				CLANG_WARN_OBJC_LITERAL_CONVERSION = YES;
				CLANG_WARN_OBJC_ROOT_CLASS = YES_ERROR;
				CLANG_WARN_QUOTED_INCLUDE_IN_FRAMEWORK_HEADER = YES;
				CLANG_WARN_RANGE_LOOP_ANALYSIS = YES;
				CLANG_WARN_STRICT_PROTOTYPES = YES;
				CLANG_WARN_SUSPICIOUS_MOVE = YES;
				CLANG_WARN_UNGUARDED_AVAILABILITY = YES_AGGRESSIVE;
				CLANG_WARN_UNREACHABLE_CODE = YES;
				CLANG_WARN__DUPLICATE_METHOD_MATCH = YES;
				COPY_PHASE_STRIP = NO;
				DEBUG_INFORMATION_FORMAT = "dwarf-with-dsym";
				ENABLE_NS_ASSERTIONS = NO;
				ENABLE_STRICT_OBJC_MSGSEND = YES;
				GCC_C_LANGUAGE_STANDARD = gnu11;
				GCC_NO_COMMON_BLOCKS = YES;
				GCC_WARN_64_TO_32_BIT_CONVERSION = YES;
				GCC_WARN_ABOUT_RETURN_TYPE = YES_ERROR;
				GCC_WARN_UNDECLARED_SELECTOR = YES;
				GCC_WARN_UNINITIALIZED_AUTOS = YES_AGGRESSIVE;
				GCC_WARN_UNUSED_FUNCTION = YES;
				GCC_WARN_UNUSED_VARIABLE = YES;
				IPHONEOS_DEPLOYMENT_TARGET = 16.4;
				MTL_ENABLE_DEBUG_INFO = NO;
				MTL_FAST_MATH = YES;
				SDKROOT = iphoneos;
				SWIFT_COMPILATION_MODE = wholemodule;
				SWIFT_OPTIMIZATION_LEVEL = "-O";
				VALIDATE_PRODUCT = YES;
			};
			name = Release;
		};
		07D4A54A2A8B5C9A007544A3 /* Debug */ = {
			isa = XCBuildConfiguration;
			buildSettings = {
				ASSETCATALOG_COMPILER_APPICON_NAME = AppIcon;
				ASSETCATALOG_COMPILER_GLOBAL_ACCENT_COLOR_NAME = AccentColor;
				CODE_SIGN_STYLE = Automatic;
				CURRENT_PROJECT_VERSION = 1;
				DEVELOPMENT_ASSET_PATHS = "\"CurrencyCalc/Preview Content\"";
				ENABLE_PREVIEWS = YES;
				GENERATE_INFOPLIST_FILE = YES;
				INFOPLIST_KEY_UIApplicationSceneManifest_Generation = YES;
				INFOPLIST_KEY_UIApplicationSupportsIndirectInputEvents = YES;
				INFOPLIST_KEY_UILaunchScreen_Generation = YES;
				INFOPLIST_KEY_UISupportedInterfaceOrientations_iPad = "UIInterfaceOrientationPortrait UIInterfaceOrientationPortraitUpsideDown UIInterfaceOrientationLandscapeLeft UIInterfaceOrientationLandscapeRight";
				INFOPLIST_KEY_UISupportedInterfaceOrientations_iPhone = "UIInterfaceOrientationPortrait UIInterfaceOrientationLandscapeLeft UIInterfaceOrientationLandscapeRight";
				LD_RUNPATH_SEARCH_PATHS = (
					"$(inherited)",
					"@executable_path/Frameworks",
				);
				MARKETING_VERSION = 1.0;
				PRODUCT_BUNDLE_IDENTIFIER = "Midori-Saito.CurrencyCalc";
				PRODUCT_NAME = "$(TARGET_NAME)";
				SWIFT_EMIT_LOC_STRINGS = YES;
				SWIFT_VERSION = 5.0;
				TARGETED_DEVICE_FAMILY = "1,2";
			};
			name = Debug;
		};
		07D4A54B2A8B5C9A007544A3 /* Release */ = {
			isa = XCBuildConfiguration;
			buildSettings = {
				ASSETCATALOG_COMPILER_APPICON_NAME = AppIcon;
				ASSETCATALOG_COMPILER_GLOBAL_ACCENT_COLOR_NAME = AccentColor;
				CODE_SIGN_STYLE = Automatic;
				CURRENT_PROJECT_VERSION = 1;
				DEVELOPMENT_ASSET_PATHS = "\"CurrencyCalc/Preview Content\"";
				ENABLE_PREVIEWS = YES;
				GENERATE_INFOPLIST_FILE = YES;
				INFOPLIST_KEY_UIApplicationSceneManifest_Generation = YES;
				INFOPLIST_KEY_UIApplicationSupportsIndirectInputEvents = YES;
				INFOPLIST_KEY_UILaunchScreen_Generation = YES;
				INFOPLIST_KEY_UISupportedInterfaceOrientations_iPad = "UIInterfaceOrientationPortrait UIInterfaceOrientationPortraitUpsideDown UIInterfaceOrientationLandscapeLeft UIInterfaceOrientationLandscapeRight";
				INFOPLIST_KEY_UISupportedInterfaceOrientations_iPhone = "UIInterfaceOrientationPortrait UIInterfaceOrientationLandscapeLeft UIInterfaceOrientationLandscapeRight";
				LD_RUNPATH_SEARCH_PATHS = (
					"$(inherited)",
					"@executable_path/Frameworks",
				);
				MARKETING_VERSION = 1.0;
				PRODUCT_BUNDLE_IDENTIFIER = "Midori-Saito.CurrencyCalc";
				PRODUCT_NAME = "$(TARGET_NAME)";
				SWIFT_EMIT_LOC_STRINGS = YES;
				SWIFT_VERSION = 5.0;
				TARGETED_DEVICE_FAMILY = "1,2";
			};
			name = Release;
		};
		07D4A54D2A8B5C9A007544A3 /* Debug */ = {
			isa = XCBuildConfiguration;
			buildSettings = {
				ALWAYS_EMBED_SWIFT_STANDARD_LIBRARIES = YES;
				BUNDLE_LOADER = "$(TEST_HOST)";
				CODE_SIGN_STYLE = Automatic;
				CURRENT_PROJECT_VERSION = 1;
				GENERATE_INFOPLIST_FILE = YES;
				IPHONEOS_DEPLOYMENT_TARGET = 16.4;
				MARKETING_VERSION = 1.0;
				PRODUCT_BUNDLE_IDENTIFIER = "Midori-Saito.CurrencyCalcTests";
				PRODUCT_NAME = "$(TARGET_NAME)";
				SWIFT_EMIT_LOC_STRINGS = NO;
				SWIFT_VERSION = 5.0;
				TARGETED_DEVICE_FAMILY = "1,2";
				TEST_HOST = "$(BUILT_PRODUCTS_DIR)/CurrencyCalc.app/$(BUNDLE_EXECUTABLE_FOLDER_PATH)/CurrencyCalc";
			};
			name = Debug;
		};
		07D4A54E2A8B5C9A007544A3 /* Release */ = {
			isa = XCBuildConfiguration;
			buildSettings = {
				ALWAYS_EMBED_SWIFT_STANDARD_LIBRARIES = YES;
				BUNDLE_LOADER = "$(TEST_HOST)";
				CODE_SIGN_STYLE = Automatic;
				CURRENT_PROJECT_VERSION = 1;
				GENERATE_INFOPLIST_FILE = YES;
				IPHONEOS_DEPLOYMENT_TARGET = 16.4;
				MARKETING_VERSION = 1.0;
				PRODUCT_BUNDLE_IDENTIFIER = "Midori-Saito.CurrencyCalcTests";
				PRODUCT_NAME = "$(TARGET_NAME)";
				SWIFT_EMIT_LOC_STRINGS = NO;
				SWIFT_VERSION = 5.0;
				TARGETED_DEVICE_FAMILY = "1,2";
				TEST_HOST = "$(BUILT_PRODUCTS_DIR)/CurrencyCalc.app/$(BUNDLE_EXECUTABLE_FOLDER_PATH)/CurrencyCalc";
			};
			name = Release;
		};
		07D4A5502A8B5C9A007544A3 /* Debug */ = {
			isa = XCBuildConfiguration;
			buildSettings = {
				ALWAYS_EMBED_SWIFT_STANDARD_LIBRARIES = YES;
				CODE_SIGN_STYLE = Automatic;
				CURRENT_PROJECT_VERSION = 1;
				GENERATE_INFOPLIST_FILE = YES;
				MARKETING_VERSION = 1.0;
				PRODUCT_BUNDLE_IDENTIFIER = "Midori-Saito.CurrencyCalcUITests";
				PRODUCT_NAME = "$(TARGET_NAME)";
				SWIFT_EMIT_LOC_STRINGS = NO;
				SWIFT_VERSION = 5.0;
				TARGETED_DEVICE_FAMILY = "1,2";
				TEST_TARGET_NAME = CurrencyCalc;
			};
			name = Debug;
		};
		07D4A5512A8B5C9A007544A3 /* Release */ = {
			isa = XCBuildConfiguration;
			buildSettings = {
				ALWAYS_EMBED_SWIFT_STANDARD_LIBRARIES = YES;
				CODE_SIGN_STYLE = Automatic;
				CURRENT_PROJECT_VERSION = 1;
				GENERATE_INFOPLIST_FILE = YES;
				MARKETING_VERSION = 1.0;
				PRODUCT_BUNDLE_IDENTIFIER = "Midori-Saito.CurrencyCalcUITests";
				PRODUCT_NAME = "$(TARGET_NAME)";
				SWIFT_EMIT_LOC_STRINGS = NO;
				SWIFT_VERSION = 5.0;
				TARGETED_DEVICE_FAMILY = "1,2";
				TEST_TARGET_NAME = CurrencyCalc;
			};
			name = Release;
		};
/* End XCBuildConfiguration section */

/* Begin XCConfigurationList section */
		07D4A5202A8B5C98007544A3 /* Build configuration list for PBXProject "CurrencyCalc" */ = {
			isa = XCConfigurationList;
			buildConfigurations = (
				07D4A5472A8B5C9A007544A3 /* Debug */,
				07D4A5482A8B5C9A007544A3 /* Release */,
			);
			defaultConfigurationIsVisible = 0;
			defaultConfigurationName = Release;
		};
		07D4A5492A8B5C9A007544A3 /* Build configuration list for PBXNativeTarget "CurrencyCalc" */ = {
			isa = XCConfigurationList;
			buildConfigurations = (
				07D4A54A2A8B5C9A007544A3 /* Debug */,
				07D4A54B2A8B5C9A007544A3 /* Release */,
			);
			defaultConfigurationIsVisible = 0;
			defaultConfigurationName = Release;
		};
		07D4A54C2A8B5C9A007544A3 /* Build configuration list for PBXNativeTarget "CurrencyCalcTests" */ = {
			isa = XCConfigurationList;
			buildConfigurations = (
				07D4A54D2A8B5C9A007544A3 /* Debug */,
				07D4A54E2A8B5C9A007544A3 /* Release */,
			);
			defaultConfigurationIsVisible = 0;
			defaultConfigurationName = Release;
		};
		07D4A54F2A8B5C9A007544A3 /* Build configuration list for PBXNativeTarget "CurrencyCalcUITests" */ = {
			isa = XCConfigurationList;
			buildConfigurations = (
				07D4A5502A8B5C9A007544A3 /* Debug */,
				07D4A5512A8B5C9A007544A3 /* Release */,
			);
			defaultConfigurationIsVisible = 0;
			defaultConfigurationName = Release;
		};
/* End XCConfigurationList section */
	};
	rootObject = 07D4A51D2A8B5C98007544A3 /* Project object */;
}
